
Microsoft Visual Studio Solution File, Format Version 12.00
# Visual Studio 14
VisualStudioVersion = 14.0.22823.1
MinimumVisualStudioVersion = 10.0.40219.1
Project("{FAE04EC0-301F-11D3-BF4B-00C04F79EFBC}") = "WhyFSharp.CSharp", "WhyFSharp.CSharp\WhyFSharp.CSharp.csproj", "{839F1BB3-F6A0-4F97-9B0F-A59949BF79AD}"
EndProject
Project("{F2A71F9B-5D33-465A-A702-920D77279786}") = "WhyFSharp.FSharp", "WhyFSharp.FSharp\WhyFSharp.FSharp.fsproj", "{50CF81B3-3AC0-4CC7-95DB-EAC06038098D}"
EndProject
Project("{F2A71F9B-5D33-465A-A702-920D77279786}") = "WhyFSharp.FSharp.Api", "WhyFSharp.FSharp.Api\WhyFSharp.FSharp.Api.fsproj", "{801906D2-9D66-4E3D-B75E-91C4600E30C3}"
EndProject
Global
	GlobalSection(SolutionConfigurationPlatforms) = preSolution
		Debug|Any CPU = Debug|Any CPU
		Release|Any CPU = Release|Any CPU
	EndGlobalSection
	GlobalSection(ProjectConfigurationPlatforms) = postSolution
		{839F1BB3-F6A0-4F97-9B0F-A59949BF79AD}.Debug|Any CPU.ActiveCfg = Debug|Any CPU
		{839F1BB3-F6A0-4F97-9B0F-A59949BF79AD}.Debug|Any CPU.Build.0 = Debug|Any CPU
		{839F1BB3-F6A0-4F97-9B0F-A59949BF79AD}.Release|Any CPU.ActiveCfg = Release|Any CPU
		{839F1BB3-F6A0-4F97-9B0F-A59949BF79AD}.Release|Any CPU.Build.0 = Release|Any CPU
		{50CF81B3-3AC0-4CC7-95DB-EAC06038098D}.Debug|Any CPU.ActiveCfg = Debug|Any CPU
		{50CF81B3-3AC0-4CC7-95DB-EAC06038098D}.Debug|Any CPU.Build.0 = Debug|Any CPU
		{50CF81B3-3AC0-4CC7-95DB-EAC06038098D}.Release|Any CPU.ActiveCfg = Release|Any CPU
		{50CF81B3-3AC0-4CC7-95DB-EAC06038098D}.Release|Any CPU.Build.0 = Release|Any CPU
		{801906D2-9D66-4E3D-B75E-91C4600E30C3}.Debug|Any CPU.ActiveCfg = Debug|Any CPU
		{801906D2-9D66-4E3D-B75E-91C4600E30C3}.Debug|Any CPU.Build.0 = Debug|Any CPU
		{801906D2-9D66-4E3D-B75E-91C4600E30C3}.Release|Any CPU.ActiveCfg = Release|Any CPU
		{801906D2-9D66-4E3D-B75E-91C4600E30C3}.Release|Any CPU.Build.0 = Release|Any CPU
	EndGlobalSection
	GlobalSection(SolutionProperties) = preSolution
		HideSolutionNode = FALSE
	EndGlobalSection
EndGlobal
